# This file was autogenerated by Stack.
# You should not edit this file by hand.
# For more information, please see the documentation at:
#   https://docs.haskellstack.org/en/stable/lock_files

packages:
- completed:
    hackage: I1M-0.0.3@sha256:ed49ac085f9986c6c116502057d6b1a743282a5ad14266433af743353806f8ce,2279
    pantry-tree:
      size: 2062
      sha256: 675df3a389bb0a4357641489b14284a0929693e2bceb493dc2ad8fbf460af3c5
  original:
    hackage: I1M-0.0.3
snapshots:
- completed:
    size: 567241
    url: https://raw.githubusercontent.com/commercialhaskell/stackage-snapshots/master/lts/17/10.yaml
    sha256: 321b3b9f0c7f76994b39e0dabafdc76478274b4ff74cc5e43d410897a335ad3b
  original: lts-17.10
